PODS:
  - Flutter (1.0.0)
  - simple_chromesafari (0.0.1):
    - Flutter

DEPENDENCIES:
  - Flutter (from `Flutter`)
  - simple_chromesafari (from `.symlinks/plugins/simple_chromesafari/ios`)

EXTERNAL SOURCES:
  Flutter:
    :path: Flutter
  simple_chromesafari:
    :path: ".symlinks/plugins/simple_chromesafari/ios"

SPEC CHECKSUMS:
  Flutter: 434fef37c0980e73bb6479ef766c45957d4b510c
  simple_chromesafari: cfa84f5a123be3be13523409ca86e9fb9d91383c

PODFILE CHECKSUM: aafe91acc616949ddb318b77800a7f51bffa2a4c

COCOAPODS: 1.10.1
